
Microsoft Visual Studio Solution File, Format Version 12.00
# Visual Studio Version 16
VisualStudioVersion = 16.0.31911.196
MinimumVisualStudioVersion = 10.0.40219.1
Project("{FAE04EC0-301F-11D3-BF4B-00C04F79EFBC}") = "BusinessLayer", "BusinessLayer\BusinessLayer.csproj", "{86F6ADFD-8469-4050-A18D-A6A078411924}"
EndProject
Project("{FAE04EC0-301F-11D3-BF4B-00C04F79EFBC}") = "DataLayer", "DataLayer\DataLayer.csproj", "{1955B47B-B3AA-4403-A1F5-ED4D826DD8AD}"
EndProject
Project("{FAE04EC0-301F-11D3-BF4B-00C04F79EFBC}") = "ServiceLayer", "ServiceLayer\ServiceLayer.csproj", "{D8A800F8-99B6-4958-B822-41C5056CD761}"
EndProject
Project("{FAE04EC0-301F-11D3-BF4B-00C04F79EFBC}") = "PresentationLayer", "PresentationLayer\PresentationLayer.csproj", "{42022F7D-9E53-4E21-B366-F2A225153983}"
EndProject
Project("{FAE04EC0-301F-11D3-BF4B-00C04F79EFBC}") = "TestingLayer", "TestingLayer\TestingLayer.csproj", "{1F70B9E7-68ED-4518-A36C-EBE69681FCDD}"
EndProject
Global
	GlobalSection(SolutionConfigurationPlatforms) = preSolution
		Debug|Any CPU = Debug|Any CPU
		Release|Any CPU = Release|Any CPU
	EndGlobalSection
	GlobalSection(ProjectConfigurationPlatforms) = postSolution
		{86F6ADFD-8469-4050-A18D-A6A078411924}.Debug|Any CPU.ActiveCfg = Debug|Any CPU
		{86F6ADFD-8469-4050-A18D-A6A078411924}.Debug|Any CPU.Build.0 = Debug|Any CPU
		{86F6ADFD-8469-4050-A18D-A6A078411924}.Release|Any CPU.ActiveCfg = Release|Any CPU
		{86F6ADFD-8469-4050-A18D-A6A078411924}.Release|Any CPU.Build.0 = Release|Any CPU
		{1955B47B-B3AA-4403-A1F5-ED4D826DD8AD}.Debug|Any CPU.ActiveCfg = Debug|Any CPU
		{1955B47B-B3AA-4403-A1F5-ED4D826DD8AD}.Debug|Any CPU.Build.0 = Debug|Any CPU
		{1955B47B-B3AA-4403-A1F5-ED4D826DD8AD}.Release|Any CPU.ActiveCfg = Release|Any CPU
		{1955B47B-B3AA-4403-A1F5-ED4D826DD8AD}.Release|Any CPU.Build.0 = Release|Any CPU
		{D8A800F8-99B6-4958-B822-41C5056CD761}.Debug|Any CPU.ActiveCfg = Debug|Any CPU
		{D8A800F8-99B6-4958-B822-41C5056CD761}.Debug|Any CPU.Build.0 = Debug|Any CPU
		{D8A800F8-99B6-4958-B822-41C5056CD761}.Release|Any CPU.ActiveCfg = Release|Any CPU
		{D8A800F8-99B6-4958-B822-41C5056CD761}.Release|Any CPU.Build.0 = Release|Any CPU
		{42022F7D-9E53-4E21-B366-F2A225153983}.Debug|Any CPU.ActiveCfg = Debug|Any CPU
		{42022F7D-9E53-4E21-B366-F2A225153983}.Debug|Any CPU.Build.0 = Debug|Any CPU
		{42022F7D-9E53-4E21-B366-F2A225153983}.Release|Any CPU.ActiveCfg = Release|Any CPU
		{42022F7D-9E53-4E21-B366-F2A225153983}.Release|Any CPU.Build.0 = Release|Any CPU
		{1F70B9E7-68ED-4518-A36C-EBE69681FCDD}.Debug|Any CPU.ActiveCfg = Debug|Any CPU
		{1F70B9E7-68ED-4518-A36C-EBE69681FCDD}.Debug|Any CPU.Build.0 = Debug|Any CPU
		{1F70B9E7-68ED-4518-A36C-EBE69681FCDD}.Release|Any CPU.ActiveCfg = Release|Any CPU
		{1F70B9E7-68ED-4518-A36C-EBE69681FCDD}.Release|Any CPU.Build.0 = Release|Any CPU
	EndGlobalSection
	GlobalSection(SolutionProperties) = preSolution
		HideSolutionNode = FALSE
	EndGlobalSection
	GlobalSection(ExtensibilityGlobals) = postSolution
		SolutionGuid = {852D4691-57EF-492E-9D88-B3F91183CE07}
	EndGlobalSection
EndGlobal
